
Microsoft Visual Studio Solution File, Format Version 12.00
# Visual Studio 15
VisualStudioVersion = 15.0.26124.0
MinimumVisualStudioVersion = 15.0.26124.0
Project("{2150E333-8FDC-42A3-9474-1A3956D46DE8}") = "src", "src", "{88E711F0-4BDC-457F-B09E-E3DD1A454191}"
EndProject
Project("{FAE04EC0-301F-11D3-BF4B-00C04F79EFBC}") = "SampleApi", "src\SampleApi\SampleApi.csproj", "{FB592B9B-B193-4A91-B042-979C5CDE7DCB}"
EndProject
Project("{2150E333-8FDC-42A3-9474-1A3956D46DE8}") = "test", "test", "{E05FC4A1-7127-4975-9B6E-D7B6A1C92A62}"
EndProject
Project("{FAE04EC0-301F-11D3-BF4B-00C04F79EFBC}") = "SampleApi.Test", "test\SampleApi.Test\SampleApi.Test.csproj", "{76B73B6E-DCDA-474D-B4DC-9A6360A49D89}"
EndProject
Global
	GlobalSection(SolutionConfigurationPlatforms) = preSolution
		Debug|Any CPU = Debug|Any CPU
		Debug|x64 = Debug|x64
		Debug|x86 = Debug|x86
		Release|Any CPU = Release|Any CPU
		Release|x64 = Release|x64
		Release|x86 = Release|x86
	EndGlobalSection
	GlobalSection(SolutionProperties) = preSolution
		HideSolutionNode = FALSE
	EndGlobalSection
	GlobalSection(ProjectConfigurationPlatforms) = postSolution
		{FB592B9B-B193-4A91-B042-979C5CDE7DCB}.Debug|Any CPU.ActiveCfg = Debug|Any CPU
		{FB592B9B-B193-4A91-B042-979C5CDE7DCB}.Debug|Any CPU.Build.0 = Debug|Any CPU
		{FB592B9B-B193-4A91-B042-979C5CDE7DCB}.Debug|x64.ActiveCfg = Debug|Any CPU
		{FB592B9B-B193-4A91-B042-979C5CDE7DCB}.Debug|x64.Build.0 = Debug|Any CPU
		{FB592B9B-B193-4A91-B042-979C5CDE7DCB}.Debug|x86.ActiveCfg = Debug|Any CPU
		{FB592B9B-B193-4A91-B042-979C5CDE7DCB}.Debug|x86.Build.0 = Debug|Any CPU
		{FB592B9B-B193-4A91-B042-979C5CDE7DCB}.Release|Any CPU.ActiveCfg = Release|Any CPU
		{FB592B9B-B193-4A91-B042-979C5CDE7DCB}.Release|Any CPU.Build.0 = Release|Any CPU
		{FB592B9B-B193-4A91-B042-979C5CDE7DCB}.Release|x64.ActiveCfg = Release|Any CPU
		{FB592B9B-B193-4A91-B042-979C5CDE7DCB}.Release|x64.Build.0 = Release|Any CPU
		{FB592B9B-B193-4A91-B042-979C5CDE7DCB}.Release|x86.ActiveCfg = Release|Any CPU
		{FB592B9B-B193-4A91-B042-979C5CDE7DCB}.Release|x86.Build.0 = Release|Any CPU
		{76B73B6E-DCDA-474D-B4DC-9A6360A49D89}.Debug|Any CPU.ActiveCfg = Debug|Any CPU
		{76B73B6E-DCDA-474D-B4DC-9A6360A49D89}.Debug|Any CPU.Build.0 = Debug|Any CPU
		{76B73B6E-DCDA-474D-B4DC-9A6360A49D89}.Debug|x64.ActiveCfg = Debug|Any CPU
		{76B73B6E-DCDA-474D-B4DC-9A6360A49D89}.Debug|x64.Build.0 = Debug|Any CPU
		{76B73B6E-DCDA-474D-B4DC-9A6360A49D89}.Debug|x86.ActiveCfg = Debug|Any CPU
		{76B73B6E-DCDA-474D-B4DC-9A6360A49D89}.Debug|x86.Build.0 = Debug|Any CPU
		{76B73B6E-DCDA-474D-B4DC-9A6360A49D89}.Release|Any CPU.ActiveCfg = Release|Any CPU
		{76B73B6E-DCDA-474D-B4DC-9A6360A49D89}.Release|Any CPU.Build.0 = Release|Any CPU
		{76B73B6E-DCDA-474D-B4DC-9A6360A49D89}.Release|x64.ActiveCfg = Release|Any CPU
		{76B73B6E-DCDA-474D-B4DC-9A6360A49D89}.Release|x64.Build.0 = Release|Any CPU
		{76B73B6E-DCDA-474D-B4DC-9A6360A49D89}.Release|x86.ActiveCfg = Release|Any CPU
		{76B73B6E-DCDA-474D-B4DC-9A6360A49D89}.Release|x86.Build.0 = Release|Any CPU
	EndGlobalSection
	GlobalSection(NestedProjects) = preSolution
		{FB592B9B-B193-4A91-B042-979C5CDE7DCB} = {88E711F0-4BDC-457F-B09E-E3DD1A454191}
		{76B73B6E-DCDA-474D-B4DC-9A6360A49D89} = {E05FC4A1-7127-4975-9B6E-D7B6A1C92A62}
	EndGlobalSection
EndGlobal
